%{
  "elixpath": {:hex, :elixpath, "0.1.0", "f860e931db7bda6856dc68145694ca429643cc068ef30d7ff6b4096d4357963e", [:mix], [{:nimble_parsec, "~> 0.5", [hex: :nimble_parsec, repo: "hexpm", optional: false]}], "hexpm", "30ce06079b41f1f5216ea2cd11605cfe4c82239628555cb3fde9f10055a6eb67"},
  "expat": {:hex, :expat, "1.0.5", "994ff9872139038432241bc05957dc7ba114f87fa7ed362c6fea32cd98d7fb19", [:mix], [], "hexpm", "067901c4ccdab8ebe6825bdc954d68f6e4392d99a84986863c4ce07bd74a3824"},
  "httpotion": {:hex, :httpotion, "3.1.3", "fdaf1e16b9318dcb722de57e75ac368c93d4c6e3c9125f93e960f953a750fb77", [:mix], [{:ibrowse, "== 4.4.0", [hex: :ibrowse, repo: "hexpm", optional: false]}], "hexpm", "e420172ef697a0f1f4dc40f89a319d5a3aad90ec51fa424f08c115f04192ae43"},
  "ibrowse": {:hex, :ibrowse, "4.4.0", "2d923325efe0d2cb09b9c6a047b2835a5eda69d8a47ed6ff8bc03628b764e991", [:rebar3], [], "hexpm", "6a8e5988872086f0506bef68311493551ac5beae7c06ba2a00d5e9f97a60f1c2"},
  "morphix": {:hex, :morphix, "0.8.0", "69ea4b2bc89eed7a85d5f3af7176862e1fd6e64af7f788a9d976cf599f0695af", [:mix], [], "hexpm", "307683e71d74af44da4af07ec7cc978d242f3395a159b64515f093d44280169f"},
  "nimble_parsec": {:hex, :nimble_parsec, "0.6.0", "32111b3bf39137144abd7ba1cce0914533b2d16ef35e8abc5ec8be6122944263", [:mix], [], "hexpm", "27eac315a94909d4dc68bc07a4a83e06c8379237c5ea528a9acff4ca1c873c52"},
  "packmatic": {:git, "https://github.com/evadne/packmatic.git", "9439e7e2967aea65e872785334966810792fc675", [branch: "develop"]},
}
